
Microsoft Visual Studio Solution File, Format Version 12.00
# Visual Studio Version 16
VisualStudioVersion = 16.0.30011.22
MinimumVisualStudioVersion = 10.0.40219.1
Project("{9A19103F-16F7-4668-BE54-9A1E7A4F7556}") = "AuthReg", "AuthReg.csproj", "{BCDD93BC-0109-4479-BCD9-DC0C0F62D6A7}"
EndProject
Global
	GlobalSection(SolutionConfigurationPlatforms) = preSolution
		Debug|Any CPU = Debug|Any CPU
		Release|Any CPU = Release|Any CPU
	EndGlobalSection
	GlobalSection(ProjectConfigurationPlatforms) = postSolution
		{BCDD93BC-0109-4479-BCD9-DC0C0F62D6A7}.Debug|Any CPU.ActiveCfg = Debug|Any CPU
		{BCDD93BC-0109-4479-BCD9-DC0C0F62D6A7}.Debug|Any CPU.Build.0 = Debug|Any CPU
		{BCDD93BC-0109-4479-BCD9-DC0C0F62D6A7}.Release|Any CPU.ActiveCfg = Release|Any CPU
		{BCDD93BC-0109-4479-BCD9-DC0C0F62D6A7}.Release|Any CPU.Build.0 = Release|Any CPU
	EndGlobalSection
	GlobalSection(SolutionProperties) = preSolution
		HideSolutionNode = FALSE
	EndGlobalSection
	GlobalSection(ExtensibilityGlobals) = postSolution
		SolutionGuid = {5C8E181D-C491-4230-81B1-D2FE5F66C327}
	EndGlobalSection
EndGlobal
